
Microsoft Visual Studio Solution File, Format Version 12.00
# Visual Studio 15
VisualStudioVersion = 15.0.26730.16
MinimumVisualStudioVersion = 10.0.40219.1
Project("{FAE04EC0-301F-11D3-BF4B-00C04F79EFBC}") = "Practica4.Android", "Practica4\Practica4.Android\Practica4.Android.csproj", "{33AF9D4B-F0F7-4A74-A7FC-CCCD72452EDC}"
EndProject
Project("{FAE04EC0-301F-11D3-BF4B-00C04F79EFBC}") = "Practica4", "Practica4\Practica4\Practica4.csproj", "{0FE29B5E-3BC6-4BB5-8665-3FA9FBBD7D86}"
EndProject
Project("{FAE04EC0-301F-11D3-BF4B-00C04F79EFBC}") = "Practica4.UWP", "Practica4\Practica4.UWP\Practica4.UWP.csproj", "{CDE780CE-0DCB-408A-BC3E-4048DCA2DAC8}"
EndProject
Project("{FAE04EC0-301F-11D3-BF4B-00C04F79EFBC}") = "Practica4.iOS", "Practica4\Practica4.iOS\Practica4.iOS.csproj", "{0545FF8F-49F9-49FC-B47F-6872C958B3D5}"
EndProject
Global
	GlobalSection(SolutionConfigurationPlatforms) = preSolution
		Ad-Hoc|Any CPU = Ad-Hoc|Any CPU
		Ad-Hoc|ARM = Ad-Hoc|ARM
		Ad-Hoc|iPhone = Ad-Hoc|iPhone
		Ad-Hoc|iPhoneSimulator = Ad-Hoc|iPhoneSimulator
		Ad-Hoc|x64 = Ad-Hoc|x64
		Ad-Hoc|x86 = Ad-Hoc|x86
		AppStore|Any CPU = AppStore|Any CPU
		AppStore|ARM = AppStore|ARM
		AppStore|iPhone = AppStore|iPhone
		AppStore|iPhoneSimulator = AppStore|iPhoneSimulator
		AppStore|x64 = AppStore|x64
		AppStore|x86 = AppStore|x86
		Debug|Any CPU = Debug|Any CPU
		Debug|ARM = Debug|ARM
		Debug|iPhone = Debug|iPhone
		Debug|iPhoneSimulator = Debug|iPhoneSimulator
		Debug|x64 = Debug|x64
		Debug|x86 = Debug|x86
		Release|Any CPU = Release|Any CPU
		Release|ARM = Release|ARM
		Release|iPhone = Release|iPhone
		Release|iPhoneSimulator = Release|iPhoneSimulator
		Release|x64 = Release|x64
		Release|x86 = Release|x86
	EndGlobalSection
	GlobalSection(ProjectConfigurationPlatforms) = postSolution
		{33AF9D4B-F0F7-4A74-A7FC-CCCD72452EDC}.Ad-Hoc|Any CPU.ActiveCfg = Release|Any CPU
		{33AF9D4B-F0F7-4A74-A7FC-CCCD72452EDC}.Ad-Hoc|Any CPU.Build.0 = Release|Any CPU
		{33AF9D4B-F0F7-4A74-A7FC-CCCD72452EDC}.Ad-Hoc|Any CPU.Deploy.0 = Release|Any CPU
		{33AF9D4B-F0F7-4A74-A7FC-CCCD72452EDC}.Ad-Hoc|ARM.ActiveCfg = Release|Any CPU
		{33AF9D4B-F0F7-4A74-A7FC-CCCD72452EDC}.Ad-Hoc|ARM.Build.0 = Release|Any CPU
		{33AF9D4B-F0F7-4A74-A7FC-CCCD72452EDC}.Ad-Hoc|ARM.Deploy.0 = Release|Any CPU
		{33AF9D4B-F0F7-4A74-A7FC-CCCD72452EDC}.Ad-Hoc|iPhone.ActiveCfg = Release|Any CPU
		{33AF9D4B-F0F7-4A74-A7FC-CCCD72452EDC}.Ad-Hoc|iPhone.Build.0 = Release|Any CPU
		{33AF9D4B-F0F7-4A74-A7FC-CCCD72452EDC}.Ad-Hoc|iPhone.Deploy.0 = Release|Any CPU
		{33AF9D4B-F0F7-4A74-A7FC-CCCD72452EDC}.Ad-Hoc|iPhoneSimulator.ActiveCfg = Release|Any CPU
		{33AF9D4B-F0F7-4A74-A7FC-CCCD72452EDC}.Ad-Hoc|iPhoneSimulator.Build.0 = Release|Any CPU
		{33AF9D4B-F0F7-4A74-A7FC-CCCD72452EDC}.Ad-Hoc|iPhoneSimulator.Deploy.0 = Release|Any CPU
		{33AF9D4B-F0F7-4A74-A7FC-CCCD72452EDC}.Ad-Hoc|x64.ActiveCfg = Release|Any CPU
		{33AF9D4B-F0F7-4A74-A7FC-CCCD72452EDC}.Ad-Hoc|x64.Build.0 = Release|Any CPU
		{33AF9D4B-F0F7-4A74-A7FC-CCCD72452EDC}.Ad-Hoc|x64.Deploy.0 = Release|Any CPU
		{33AF9D4B-F0F7-4A74-A7FC-CCCD72452EDC}.Ad-Hoc|x86.ActiveCfg = Release|Any CPU
		{33AF9D4B-F0F7-4A74-A7FC-CCCD72452EDC}.Ad-Hoc|x86.Build.0 = Release|Any CPU
		{33AF9D4B-F0F7-4A74-A7FC-CCCD72452EDC}.Ad-Hoc|x86.Deploy.0 = Release|Any CPU
		{33AF9D4B-F0F7-4A74-A7FC-CCCD72452EDC}.AppStore|Any CPU.ActiveCfg = Release|Any CPU
		{33AF9D4B-F0F7-4A74-A7FC-CCCD72452EDC}.AppStore|Any CPU.Build.0 = Release|Any CPU
		{33AF9D4B-F0F7-4A74-A7FC-CCCD72452EDC}.AppStore|Any CPU.Deploy.0 = Release|Any CPU
		{33AF9D4B-F0F7-4A74-A7FC-CCCD72452EDC}.AppStore|ARM.ActiveCfg = Release|Any CPU
		{33AF9D4B-F0F7-4A74-A7FC-CCCD72452EDC}.AppStore|ARM.Build.0 = Release|Any CPU
		{33AF9D4B-F0F7-4A74-A7FC-CCCD72452EDC}.AppStore|ARM.Deploy.0 = Release|Any CPU
		{33AF9D4B-F0F7-4A74-A7FC-CCCD72452EDC}.AppStore|iPhone.ActiveCfg = Release|Any CPU
		{33AF9D4B-F0F7-4A74-A7FC-CCCD72452EDC}.AppStore|iPhone.Build.0 = Release|Any CPU
		{33AF9D4B-F0F7-4A74-A7FC-CCCD72452EDC}.AppStore|iPhone.Deploy.0 = Release|Any CPU
		{33AF9D4B-F0F7-4A74-A7FC-CCCD72452EDC}.AppStore|iPhoneSimulator.ActiveCfg = Release|Any CPU
		{33AF9D4B-F0F7-4A74-A7FC-CCCD72452EDC}.AppStore|iPhoneSimulator.Build.0 = Release|Any CPU
		{33AF9D4B-F0F7-4A74-A7FC-CCCD72452EDC}.AppStore|iPhoneSimulator.Deploy.0 = Release|Any CPU
		{33AF9D4B-F0F7-4A74-A7FC-CCCD72452EDC}.AppStore|x64.ActiveCfg = Release|Any CPU
		{33AF9D4B-F0F7-4A74-A7FC-CCCD72452EDC}.AppStore|x64.Build.0 = Release|Any CPU
		{33AF9D4B-F0F7-4A74-A7FC-CCCD72452EDC}.AppStore|x64.Deploy.0 = Release|Any CPU
		{33AF9D4B-F0F7-4A74-A7FC-CCCD72452EDC}.AppStore|x86.ActiveCfg = Release|Any CPU
		{33AF9D4B-F0F7-4A74-A7FC-CCCD72452EDC}.AppStore|x86.Build.0 = Release|Any CPU
		{33AF9D4B-F0F7-4A74-A7FC-CCCD72452EDC}.AppStore|x86.Deploy.0 = Release|Any CPU
		{33AF9D4B-F0F7-4A74-A7FC-CCCD72452EDC}.Debug|Any CPU.ActiveCfg = Debug|Any CPU
		{33AF9D4B-F0F7-4A74-A7FC-CCCD72452EDC}.Debug|Any CPU.Build.0 = Debug|Any CPU
		{33AF9D4B-F0F7-4A74-A7FC-CCCD72452EDC}.Debug|Any CPU.Deploy.0 = Debug|Any CPU
		{33AF9D4B-F0F7-4A74-A7FC-CCCD72452EDC}.Debug|ARM.ActiveCfg = Debug|Any CPU
		{33AF9D4B-F0F7-4A74-A7FC-CCCD72452EDC}.Debug|ARM.Build.0 = Debug|Any CPU
		{33AF9D4B-F0F7-4A74-A7FC-CCCD72452EDC}.Debug|ARM.Deploy.0 = Debug|Any CPU
		{33AF9D4B-F0F7-4A74-A7FC-CCCD72452EDC}.Debug|iPhone.ActiveCfg = Debug|Any CPU
		{33AF9D4B-F0F7-4A74-A7FC-CCCD72452EDC}.Debug|iPhone.Build.0 = Debug|Any CPU
		{33AF9D4B-F0F7-4A74-A7FC-CCCD72452EDC}.Debug|iPhone.Deploy.0 = Debug|Any CPU
		{33AF9D4B-F0F7-4A74-A7FC-CCCD72452EDC}.Debug|iPhoneSimulator.ActiveCfg = Debug|Any CPU
		{33AF9D4B-F0F7-4A74-A7FC-CCCD72452EDC}.Debug|iPhoneSimulator.Build.0 = Debug|Any CPU
		{33AF9D4B-F0F7-4A74-A7FC-CCCD72452EDC}.Debug|iPhoneSimulator.Deploy.0 = Debug|Any CPU
		{33AF9D4B-F0F7-4A74-A7FC-CCCD72452EDC}.Debug|x64.ActiveCfg = Debug|Any CPU
		{33AF9D4B-F0F7-4A74-A7FC-CCCD72452EDC}.Debug|x64.Build.0 = Debug|Any CPU
		{33AF9D4B-F0F7-4A74-A7FC-CCCD72452EDC}.Debug|x64.Deploy.0 = Debug|Any CPU
		{33AF9D4B-F0F7-4A74-A7FC-CCCD72452EDC}.Debug|x86.ActiveCfg = Debug|Any CPU
		{33AF9D4B-F0F7-4A74-A7FC-CCCD72452EDC}.Debug|x86.Build.0 = Debug|Any CPU
		{33AF9D4B-F0F7-4A74-A7FC-CCCD72452EDC}.Debug|x86.Deploy.0 = Debug|Any CPU
		{33AF9D4B-F0F7-4A74-A7FC-CCCD72452EDC}.Release|Any CPU.ActiveCfg = Release|Any CPU
		{33AF9D4B-F0F7-4A74-A7FC-CCCD72452EDC}.Release|Any CPU.Build.0 = Release|Any CPU
		{33AF9D4B-F0F7-4A74-A7FC-CCCD72452EDC}.Release|Any CPU.Deploy.0 = Release|Any CPU
		{33AF9D4B-F0F7-4A74-A7FC-CCCD72452EDC}.Release|ARM.ActiveCfg = Release|Any CPU
		{33AF9D4B-F0F7-4A74-A7FC-CCCD72452EDC}.Release|ARM.Build.0 = Release|Any CPU
		{33AF9D4B-F0F7-4A74-A7FC-CCCD72452EDC}.Release|ARM.Deploy.0 = Release|Any CPU
		{33AF9D4B-F0F7-4A74-A7FC-CCCD72452EDC}.Release|iPhone.ActiveCfg = Release|Any CPU
		{33AF9D4B-F0F7-4A74-A7FC-CCCD72452EDC}.Release|iPhone.Build.0 = Release|Any CPU
		{33AF9D4B-F0F7-4A74-A7FC-CCCD72452EDC}.Release|iPhone.Deploy.0 = Release|Any CPU
		{33AF9D4B-F0F7-4A74-A7FC-CCCD72452EDC}.Release|iPhoneSimulator.ActiveCfg = Release|Any CPU
		{33AF9D4B-F0F7-4A74-A7FC-CCCD72452EDC}.Release|iPhoneSimulator.Build.0 = Release|Any CPU
		{33AF9D4B-F0F7-4A74-A7FC-CCCD72452EDC}.Release|iPhoneSimulator.Deploy.0 = Release|Any CPU
		{33AF9D4B-F0F7-4A74-A7FC-CCCD72452EDC}.Release|x64.ActiveCfg = Release|Any CPU
		{33AF9D4B-F0F7-4A74-A7FC-CCCD72452EDC}.Release|x64.Build.0 = Release|Any CPU
		{33AF9D4B-F0F7-4A74-A7FC-CCCD72452EDC}.Release|x64.Deploy.0 = Release|Any CPU
		{33AF9D4B-F0F7-4A74-A7FC-CCCD72452EDC}.Release|x86.ActiveCfg = Release|Any CPU
		{33AF9D4B-F0F7-4A74-A7FC-CCCD72452EDC}.Release|x86.Build.0 = Release|Any CPU
		{33AF9D4B-F0F7-4A74-A7FC-CCCD72452EDC}.Release|x86.Deploy.0 = Release|Any CPU
		{0FE29B5E-3BC6-4BB5-8665-3FA9FBBD7D86}.Ad-Hoc|Any CPU.ActiveCfg = Release|Any CPU
		{0FE29B5E-3BC6-4BB5-8665-3FA9FBBD7D86}.Ad-Hoc|Any CPU.Build.0 = Release|Any CPU
		{0FE29B5E-3BC6-4BB5-8665-3FA9FBBD7D86}.Ad-Hoc|ARM.ActiveCfg = Release|Any CPU
		{0FE29B5E-3BC6-4BB5-8665-3FA9FBBD7D86}.Ad-Hoc|ARM.Build.0 = Release|Any CPU
		{0FE29B5E-3BC6-4BB5-8665-3FA9FBBD7D86}.Ad-Hoc|iPhone.ActiveCfg = Release|Any CPU
		{0FE29B5E-3BC6-4BB5-8665-3FA9FBBD7D86}.Ad-Hoc|iPhone.Build.0 = Release|Any CPU
		{0FE29B5E-3BC6-4BB5-8665-3FA9FBBD7D86}.Ad-Hoc|iPhoneSimulator.ActiveCfg = Release|Any CPU
		{0FE29B5E-3BC6-4BB5-8665-3FA9FBBD7D86}.Ad-Hoc|iPhoneSimulator.Build.0 = Release|Any CPU
		{0FE29B5E-3BC6-4BB5-8665-3FA9FBBD7D86}.Ad-Hoc|x64.ActiveCfg = Release|Any CPU
		{0FE29B5E-3BC6-4BB5-8665-3FA9FBBD7D86}.Ad-Hoc|x64.Build.0 = Release|Any CPU
		{0FE29B5E-3BC6-4BB5-8665-3FA9FBBD7D86}.Ad-Hoc|x86.ActiveCfg = Release|Any CPU
		{0FE29B5E-3BC6-4BB5-8665-3FA9FBBD7D86}.Ad-Hoc|x86.Build.0 = Release|Any CPU
		{0FE29B5E-3BC6-4BB5-8665-3FA9FBBD7D86}.AppStore|Any CPU.ActiveCfg = Release|Any CPU
		{0FE29B5E-3BC6-4BB5-8665-3FA9FBBD7D86}.AppStore|Any CPU.Build.0 = Release|Any CPU
		{0FE29B5E-3BC6-4BB5-8665-3FA9FBBD7D86}.AppStore|ARM.ActiveCfg = Release|Any CPU
		{0FE29B5E-3BC6-4BB5-8665-3FA9FBBD7D86}.AppStore|ARM.Build.0 = Release|Any CPU
		{0FE29B5E-3BC6-4BB5-8665-3FA9FBBD7D86}.AppStore|iPhone.ActiveCfg = Release|Any CPU
		{0FE29B5E-3BC6-4BB5-8665-3FA9FBBD7D86}.AppStore|iPhone.Build.0 = Release|Any CPU
		{0FE29B5E-3BC6-4BB5-8665-3FA9FBBD7D86}.AppStore|iPhoneSimulator.ActiveCfg = Release|Any CPU
		{0FE29B5E-3BC6-4BB5-8665-3FA9FBBD7D86}.AppStore|iPhoneSimulator.Build.0 = Release|Any CPU
		{0FE29B5E-3BC6-4BB5-8665-3FA9FBBD7D86}.AppStore|x64.ActiveCfg = Release|Any CPU
		{0FE29B5E-3BC6-4BB5-8665-3FA9FBBD7D86}.AppStore|x64.Build.0 = Release|Any CPU
		{0FE29B5E-3BC6-4BB5-8665-3FA9FBBD7D86}.AppStore|x86.ActiveCfg = Release|Any CPU
		{0FE29B5E-3BC6-4BB5-8665-3FA9FBBD7D86}.AppStore|x86.Build.0 = Release|Any CPU
		{0FE29B5E-3BC6-4BB5-8665-3FA9FBBD7D86}.Debug|Any CPU.ActiveCfg = Debug|Any CPU
		{0FE29B5E-3BC6-4BB5-8665-3FA9FBBD7D86}.Debug|Any CPU.Build.0 = Debug|Any CPU
		{0FE29B5E-3BC6-4BB5-8665-3FA9FBBD7D86}.Debug|ARM.ActiveCfg = Debug|Any CPU
		{0FE29B5E-3BC6-4BB5-8665-3FA9FBBD7D86}.Debug|ARM.Build.0 = Debug|Any CPU
		{0FE29B5E-3BC6-4BB5-8665-3FA9FBBD7D86}.Debug|iPhone.ActiveCfg = Debug|Any CPU
		{0FE29B5E-3BC6-4BB5-8665-3FA9FBBD7D86}.Debug|iPhone.Build.0 = Debug|Any CPU
		{0FE29B5E-3BC6-4BB5-8665-3FA9FBBD7D86}.Debug|iPhoneSimulator.ActiveCfg = Debug|Any CPU
		{0FE29B5E-3BC6-4BB5-8665-3FA9FBBD7D86}.Debug|iPhoneSimulator.Build.0 = Debug|Any CPU
		{0FE29B5E-3BC6-4BB5-8665-3FA9FBBD7D86}.Debug|x64.ActiveCfg = Debug|Any CPU
		{0FE29B5E-3BC6-4BB5-8665-3FA9FBBD7D86}.Debug|x64.Build.0 = Debug|Any CPU
		{0FE29B5E-3BC6-4BB5-8665-3FA9FBBD7D86}.Debug|x86.ActiveCfg = Debug|Any CPU
		{0FE29B5E-3BC6-4BB5-8665-3FA9FBBD7D86}.Debug|x86.Build.0 = Debug|Any CPU
		{0FE29B5E-3BC6-4BB5-8665-3FA9FBBD7D86}.Release|Any CPU.ActiveCfg = Release|Any CPU
		{0FE29B5E-3BC6-4BB5-8665-3FA9FBBD7D86}.Release|Any CPU.Build.0 = Release|Any CPU
		{0FE29B5E-3BC6-4BB5-8665-3FA9FBBD7D86}.Release|ARM.ActiveCfg = Release|Any CPU
		{0FE29B5E-3BC6-4BB5-8665-3FA9FBBD7D86}.Release|ARM.Build.0 = Release|Any CPU
		{0FE29B5E-3BC6-4BB5-8665-3FA9FBBD7D86}.Release|iPhone.ActiveCfg = Release|Any CPU
		{0FE29B5E-3BC6-4BB5-8665-3FA9FBBD7D86}.Release|iPhone.Build.0 = Release|Any CPU
		{0FE29B5E-3BC6-4BB5-8665-3FA9FBBD7D86}.Release|iPhoneSimulator.ActiveCfg = Release|Any CPU
		{0FE29B5E-3BC6-4BB5-8665-3FA9FBBD7D86}.Release|iPhoneSimulator.Build.0 = Release|Any CPU
		{0FE29B5E-3BC6-4BB5-8665-3FA9FBBD7D86}.Release|x64.ActiveCfg = Release|Any CPU
		{0FE29B5E-3BC6-4BB5-8665-3FA9FBBD7D86}.Release|x64.Build.0 = Release|Any CPU
		{0FE29B5E-3BC6-4BB5-8665-3FA9FBBD7D86}.Release|x86.ActiveCfg = Release|Any CPU
		{0FE29B5E-3BC6-4BB5-8665-3FA9FBBD7D86}.Release|x86.Build.0 = Release|Any CPU
		{CDE780CE-0DCB-408A-BC3E-4048DCA2DAC8}.Ad-Hoc|Any CPU.ActiveCfg = Release|x86
		{CDE780CE-0DCB-408A-BC3E-4048DCA2DAC8}.Ad-Hoc|Any CPU.Build.0 = Release|x86
		{CDE780CE-0DCB-408A-BC3E-4048DCA2DAC8}.Ad-Hoc|Any CPU.Deploy.0 = Release|x86
		{CDE780CE-0DCB-408A-BC3E-4048DCA2DAC8}.Ad-Hoc|ARM.ActiveCfg = Release|ARM
		{CDE780CE-0DCB-408A-BC3E-4048DCA2DAC8}.Ad-Hoc|ARM.Build.0 = Release|ARM
		{CDE780CE-0DCB-408A-BC3E-4048DCA2DAC8}.Ad-Hoc|ARM.Deploy.0 = Release|ARM
		{CDE780CE-0DCB-408A-BC3E-4048DCA2DAC8}.Ad-Hoc|iPhone.ActiveCfg = Release|x86
		{CDE780CE-0DCB-408A-BC3E-4048DCA2DAC8}.Ad-Hoc|iPhone.Build.0 = Release|x86
		{CDE780CE-0DCB-408A-BC3E-4048DCA2DAC8}.Ad-Hoc|iPhone.Deploy.0 = Release|x86
		{CDE780CE-0DCB-408A-BC3E-4048DCA2DAC8}.Ad-Hoc|iPhoneSimulator.ActiveCfg = Release|x86
		{CDE780CE-0DCB-408A-BC3E-4048DCA2DAC8}.Ad-Hoc|iPhoneSimulator.Build.0 = Release|x86
		{CDE780CE-0DCB-408A-BC3E-4048DCA2DAC8}.Ad-Hoc|iPhoneSimulator.Deploy.0 = Release|x86
		{CDE780CE-0DCB-408A-BC3E-4048DCA2DAC8}.Ad-Hoc|x64.ActiveCfg = Release|x64
		{CDE780CE-0DCB-408A-BC3E-4048DCA2DAC8}.Ad-Hoc|x64.Build.0 = Release|x64
		{CDE780CE-0DCB-408A-BC3E-4048DCA2DAC8}.Ad-Hoc|x64.Deploy.0 = Release|x64
		{CDE780CE-0DCB-408A-BC3E-4048DCA2DAC8}.Ad-Hoc|x86.ActiveCfg = Release|x86
		{CDE780CE-0DCB-408A-BC3E-4048DCA2DAC8}.Ad-Hoc|x86.Build.0 = Release|x86
		{CDE780CE-0DCB-408A-BC3E-4048DCA2DAC8}.Ad-Hoc|x86.Deploy.0 = Release|x86
		{CDE780CE-0DCB-408A-BC3E-4048DCA2DAC8}.AppStore|Any CPU.ActiveCfg = Release|x86
		{CDE780CE-0DCB-408A-BC3E-4048DCA2DAC8}.AppStore|Any CPU.Build.0 = Release|x86
		{CDE780CE-0DCB-408A-BC3E-4048DCA2DAC8}.AppStore|Any CPU.Deploy.0 = Release|x86
		{CDE780CE-0DCB-408A-BC3E-4048DCA2DAC8}.AppStore|ARM.ActiveCfg = Release|ARM
		{CDE780CE-0DCB-408A-BC3E-4048DCA2DAC8}.AppStore|ARM.Build.0 = Release|ARM
		{CDE780CE-0DCB-408A-BC3E-4048DCA2DAC8}.AppStore|ARM.Deploy.0 = Release|ARM
		{CDE780CE-0DCB-408A-BC3E-4048DCA2DAC8}.AppStore|iPhone.ActiveCfg = Release|x86
		{CDE780CE-0DCB-408A-BC3E-4048DCA2DAC8}.AppStore|iPhone.Build.0 = Release|x86
		{CDE780CE-0DCB-408A-BC3E-4048DCA2DAC8}.AppStore|iPhone.Deploy.0 = Release|x86
		{CDE780CE-0DCB-408A-BC3E-4048DCA2DAC8}.AppStore|iPhoneSimulator.ActiveCfg = Release|x86
		{CDE780CE-0DCB-408A-BC3E-4048DCA2DAC8}.AppStore|iPhoneSimulator.Build.0 = Release|x86
		{CDE780CE-0DCB-408A-BC3E-4048DCA2DAC8}.AppStore|iPhoneSimulator.Deploy.0 = Release|x86
		{CDE780CE-0DCB-408A-BC3E-4048DCA2DAC8}.AppStore|x64.ActiveCfg = Release|x64
		{CDE780CE-0DCB-408A-BC3E-4048DCA2DAC8}.AppStore|x64.Build.0 = Release|x64
		{CDE780CE-0DCB-408A-BC3E-4048DCA2DAC8}.AppStore|x64.Deploy.0 = Release|x64
		{CDE780CE-0DCB-408A-BC3E-4048DCA2DAC8}.AppStore|x86.ActiveCfg = Release|x86
		{CDE780CE-0DCB-408A-BC3E-4048DCA2DAC8}.AppStore|x86.Build.0 = Release|x86
		{CDE780CE-0DCB-408A-BC3E-4048DCA2DAC8}.AppStore|x86.Deploy.0 = Release|x86
		{CDE780CE-0DCB-408A-BC3E-4048DCA2DAC8}.Debug|Any CPU.ActiveCfg = Debug|x86
		{CDE780CE-0DCB-408A-BC3E-4048DCA2DAC8}.Debug|ARM.ActiveCfg = Debug|ARM
		{CDE780CE-0DCB-408A-BC3E-4048DCA2DAC8}.Debug|ARM.Build.0 = Debug|ARM
		{CDE780CE-0DCB-408A-BC3E-4048DCA2DAC8}.Debug|ARM.Deploy.0 = Debug|ARM
		{CDE780CE-0DCB-408A-BC3E-4048DCA2DAC8}.Debug|iPhone.ActiveCfg = Debug|x86
		{CDE780CE-0DCB-408A-BC3E-4048DCA2DAC8}.Debug|iPhoneSimulator.ActiveCfg = Debug|x86
		{CDE780CE-0DCB-408A-BC3E-4048DCA2DAC8}.Debug|x64.ActiveCfg = Debug|x64
		{CDE780CE-0DCB-408A-BC3E-4048DCA2DAC8}.Debug|x64.Build.0 = Debug|x64
		{CDE780CE-0DCB-408A-BC3E-4048DCA2DAC8}.Debug|x64.Deploy.0 = Debug|x64
		{CDE780CE-0DCB-408A-BC3E-4048DCA2DAC8}.Debug|x86.ActiveCfg = Debug|x86
		{CDE780CE-0DCB-408A-BC3E-4048DCA2DAC8}.Debug|x86.Build.0 = Debug|x86
		{CDE780CE-0DCB-408A-BC3E-4048DCA2DAC8}.Debug|x86.Deploy.0 = Debug|x86
		{CDE780CE-0DCB-408A-BC3E-4048DCA2DAC8}.Release|Any CPU.ActiveCfg = Release|x86
		{CDE780CE-0DCB-408A-BC3E-4048DCA2DAC8}.Release|ARM.ActiveCfg = Release|ARM
		{CDE780CE-0DCB-408A-BC3E-4048DCA2DAC8}.Release|ARM.Build.0 = Release|ARM
		{CDE780CE-0DCB-408A-BC3E-4048DCA2DAC8}.Release|ARM.Deploy.0 = Release|ARM
		{CDE780CE-0DCB-408A-BC3E-4048DCA2DAC8}.Release|iPhone.ActiveCfg = Release|x86
		{CDE780CE-0DCB-408A-BC3E-4048DCA2DAC8}.Release|iPhoneSimulator.ActiveCfg = Release|x86
		{CDE780CE-0DCB-408A-BC3E-4048DCA2DAC8}.Release|x64.ActiveCfg = Release|x64
		{CDE780CE-0DCB-408A-BC3E-4048DCA2DAC8}.Release|x64.Build.0 = Release|x64
		{CDE780CE-0DCB-408A-BC3E-4048DCA2DAC8}.Release|x64.Deploy.0 = Release|x64
		{CDE780CE-0DCB-408A-BC3E-4048DCA2DAC8}.Release|x86.ActiveCfg = Release|x86
		{CDE780CE-0DCB-408A-BC3E-4048DCA2DAC8}.Release|x86.Build.0 = Release|x86
		{CDE780CE-0DCB-408A-BC3E-4048DCA2DAC8}.Release|x86.Deploy.0 = Release|x86
		{0545FF8F-49F9-49FC-B47F-6872C958B3D5}.Ad-Hoc|Any CPU.ActiveCfg = Ad-Hoc|iPhone
		{0545FF8F-49F9-49FC-B47F-6872C958B3D5}.Ad-Hoc|ARM.ActiveCfg = Ad-Hoc|iPhone
		{0545FF8F-49F9-49FC-B47F-6872C958B3D5}.Ad-Hoc|iPhone.ActiveCfg = Ad-Hoc|iPhone
		{0545FF8F-49F9-49FC-B47F-6872C958B3D5}.Ad-Hoc|iPhone.Build.0 = Ad-Hoc|iPhone
		{0545FF8F-49F9-49FC-B47F-6872C958B3D5}.Ad-Hoc|iPhoneSimulator.ActiveCfg = Ad-Hoc|iPhoneSimulator
		{0545FF8F-49F9-49FC-B47F-6872C958B3D5}.Ad-Hoc|iPhoneSimulator.Build.0 = Ad-Hoc|iPhoneSimulator
		{0545FF8F-49F9-49FC-B47F-6872C958B3D5}.Ad-Hoc|x64.ActiveCfg = Ad-Hoc|iPhone
		{0545FF8F-49F9-49FC-B47F-6872C958B3D5}.Ad-Hoc|x86.ActiveCfg = Ad-Hoc|iPhone
		{0545FF8F-49F9-49FC-B47F-6872C958B3D5}.AppStore|Any CPU.ActiveCfg = AppStore|iPhone
		{0545FF8F-49F9-49FC-B47F-6872C958B3D5}.AppStore|ARM.ActiveCfg = AppStore|iPhone
		{0545FF8F-49F9-49FC-B47F-6872C958B3D5}.AppStore|iPhone.ActiveCfg = AppStore|iPhone
		{0545FF8F-49F9-49FC-B47F-6872C958B3D5}.AppStore|iPhone.Build.0 = AppStore|iPhone
		{0545FF8F-49F9-49FC-B47F-6872C958B3D5}.AppStore|iPhoneSimulator.ActiveCfg = AppStore|iPhoneSimulator
		{0545FF8F-49F9-49FC-B47F-6872C958B3D5}.AppStore|iPhoneSimulator.Build.0 = AppStore|iPhoneSimulator
		{0545FF8F-49F9-49FC-B47F-6872C958B3D5}.AppStore|x64.ActiveCfg = AppStore|iPhone
		{0545FF8F-49F9-49FC-B47F-6872C958B3D5}.AppStore|x86.ActiveCfg = AppStore|iPhone
		{0545FF8F-49F9-49FC-B47F-6872C958B3D5}.Debug|Any CPU.ActiveCfg = Debug|iPhone
		{0545FF8F-49F9-49FC-B47F-6872C958B3D5}.Debug|ARM.ActiveCfg = Debug|iPhone
		{0545FF8F-49F9-49FC-B47F-6872C958B3D5}.Debug|iPhone.ActiveCfg = Debug|iPhone
		{0545FF8F-49F9-49FC-B47F-6872C958B3D5}.Debug|iPhone.Build.0 = Debug|iPhone
		{0545FF8F-49F9-49FC-B47F-6872C958B3D5}.Debug|iPhoneSimulator.ActiveCfg = Debug|iPhoneSimulator
		{0545FF8F-49F9-49FC-B47F-6872C958B3D5}.Debug|iPhoneSimulator.Build.0 = Debug|iPhoneSimulator
		{0545FF8F-49F9-49FC-B47F-6872C958B3D5}.Debug|x64.ActiveCfg = Debug|iPhone
		{0545FF8F-49F9-49FC-B47F-6872C958B3D5}.Debug|x86.ActiveCfg = Debug|iPhone
		{0545FF8F-49F9-49FC-B47F-6872C958B3D5}.Release|Any CPU.ActiveCfg = Release|iPhone
		{0545FF8F-49F9-49FC-B47F-6872C958B3D5}.Release|ARM.ActiveCfg = Release|iPhone
		{0545FF8F-49F9-49FC-B47F-6872C958B3D5}.Release|iPhone.ActiveCfg = Release|iPhone
		{0545FF8F-49F9-49FC-B47F-6872C958B3D5}.Release|iPhone.Build.0 = Release|iPhone
		{0545FF8F-49F9-49FC-B47F-6872C958B3D5}.Release|iPhoneSimulator.ActiveCfg = Release|iPhoneSimulator
		{0545FF8F-49F9-49FC-B47F-6872C958B3D5}.Release|iPhoneSimulator.Build.0 = Release|iPhoneSimulator
		{0545FF8F-49F9-49FC-B47F-6872C958B3D5}.Release|x64.ActiveCfg = Release|iPhone
		{0545FF8F-49F9-49FC-B47F-6872C958B3D5}.Release|x86.ActiveCfg = Release|iPhone
	EndGlobalSection
	GlobalSection(SolutionProperties) = preSolution
		HideSolutionNode = FALSE
	EndGlobalSection
	GlobalSection(ExtensibilityGlobals) = postSolution
		SolutionGuid = {555442DB-50EE-4D8C-A9AB-FD1AB7E8A28A}
	EndGlobalSection
EndGlobal
